
Microsoft Visual Studio Solution File, Format Version 12.00
# Visual Studio Version 17
VisualStudioVersion = 17.5.002.0
MinimumVisualStudioVersion = 10.0.40219.1
Project("{9A19103F-16F7-4668-BE54-9A1E7A4F7556}") = "DeathrunManager", "DeathrunManager.csproj", "{1AA855BA-5B8F-4C21-9908-59B2270995C5}"
EndProject
Global
	GlobalSection(SolutionConfigurationPlatforms) = preSolution
		Debug|Any CPU = Debug|Any CPU
		Release|Any CPU = Release|Any CPU
	EndGlobalSection
	GlobalSection(ProjectConfigurationPlatforms) = postSolution
		{1AA855BA-5B8F-4C21-9908-59B2270995C5}.Debug|Any CPU.ActiveCfg = Debug|Any CPU
		{1AA855BA-5B8F-4C21-9908-59B2270995C5}.Debug|Any CPU.Build.0 = Debug|Any CPU
		{1AA855BA-5B8F-4C21-9908-59B2270995C5}.Release|Any CPU.ActiveCfg = Release|Any CPU
		{1AA855BA-5B8F-4C21-9908-59B2270995C5}.Release|Any CPU.Build.0 = Release|Any CPU
	EndGlobalSection
	GlobalSection(SolutionProperties) = preSolution
		HideSolutionNode = FALSE
	EndGlobalSection
	GlobalSection(ExtensibilityGlobals) = postSolution
		SolutionGuid = {6EEDBD32-44C6-4DFE-A60E-0D58DA4FF5D6}
	EndGlobalSection
EndGlobal
